// !$*UTF8*$!
{
	archiveVersion = 1;
	classes = {
	};
	objectVersion = 50;
	objects = {

/* Begin PBXBuildFile section */
		BAEBC51E21F307BD003C4593 /* AppDelegate.swift in Sources */ = {isa = PBXBuildFile; fileRef = BAEBC51D21F307BD003C4593 /* AppDelegate.swift */; };
		BAEBC52021F307BD003C4593 /* ViewController.swift in Sources */ = {isa = PBXBuildFile; fileRef = BAEBC51F21F307BD003C4593 /* ViewController.swift */; };
		BAEBC52321F307BD003C4593 /* Main.storyboard in Resources */ = {isa = PBXBuildFile; fileRef = BAEBC52121F307BD003C4593 /* Main.storyboard */; };
		BAEBC52621F307BD003C4593 /* ARFlashCards.xcdatamodeld in Sources */ = {isa = PBXBuildFile; fileRef = BAEBC52421F307BD003C4593 /* ARFlashCards.xcdatamodeld */; };
		BAEBC52821F307BE003C4593 /* Assets.xcassets in Resources */ = {isa = PBXBuildFile; fileRef = BAEBC52721F307BE003C4593 /* Assets.xcassets */; };
		BAEBC52B21F307BE003C4593 /* LaunchScreen.storyboard in Resources */ = {isa = PBXBuildFile; fileRef = BAEBC52921F307BE003C4593 /* LaunchScreen.storyboard */; };
/* End PBXBuildFile section */

/* Begin PBXFileReference section */
		BAEBC51A21F307BD003C4593 /* ARFlashCards.app */ = {isa = PBXFileReference; explicitFileType = wrapper.application; includeInIndex = 0; path = ARFlashCards.app; sourceTree = BUILT_PRODUCTS_DIR; };
		BAEBC51D21F307BD003C4593 /* AppDelegate.swift */ = {isa = PBXFileReference; lastKnownFileType = sourcecode.swift; path = AppDelegate.swift; sourceTree = "<group>"; };
		BAEBC51F21F307BD003C4593 /* ViewController.swift */ = {isa = PBXFileReference; lastKnownFileType = sourcecode.swift; path = ViewController.swift; sourceTree = "<group>"; };
		BAEBC52221F307BD003C4593 /* Base */ = {isa = PBXFileReference; lastKnownFileType = file.storyboard; name = Base; path = Base.lproj/Main.storyboard; sourceTree = "<group>"; };
		BAEBC52521F307BD003C4593 /* ARFlashCards.xcdatamodel */ = {isa = PBXFileReference; lastKnownFileType = wrapper.xcdatamodel; path = ARFlashCards.xcdatamodel; sourceTree = "<group>"; };
		BAEBC52721F307BE003C4593 /* Assets.xcassets */ = {isa = PBXFileReference; lastKnownFileType = folder.assetcatalog; path = Assets.xcassets; sourceTree = "<group>"; };
		BAEBC52A21F307BE003C4593 /* Base */ = {isa = PBXFileReference; lastKnownFileType = file.storyboard; name = Base; path = Base.lproj/LaunchScreen.storyboard; sourceTree = "<group>"; };
		BAEBC52C21F307BE003C4593 /* Info.plist */ = {isa = PBXFileReference; lastKnownFileType = text.plist.xml; path = Info.plist; sourceTree = "<group>"; };
/* End PBXFileReference section */

/* Begin PBXFrameworksBuildPhase section */
		BAEBC51721F307BD003C4593 /* Frameworks */ = {
			isa = PBXFrameworksBuildPhase;
			buildActionMask = 2147483647;
			files = (
			);
			runOnlyForDeploymentPostprocessing = 0;
		};
/* End PBXFrameworksBuildPhase section */

/* Begin PBXGroup section */
		BAEBC51121F307BD003C4593 = {
			isa = PBXGroup;
			children = (
				BAEBC51C21F307BD003C4593 /* ARFlashCards */,
				BAEBC51B21F307BD003C4593 /* Products */,
			);
			sourceTree = "<group>";
		};
		BAEBC51B21F307BD003C4593 /* Products */ = {
			isa = PBXGroup;
			children = (
				BAEBC51A21F307BD003C4593 /* ARFlashCards.app */,
			);
			name = Products;
			sourceTree = "<group>";
		};
		BAEBC51C21F307BD003C4593 /* ARFlashCards */ = {
			isa = PBXGroup;
			children = (
				BAEBC51D21F307BD003C4593 /* AppDelegate.swift */,
				BAEBC51F21F307BD003C4593 /* ViewController.swift */,
				BAEBC52121F307BD003C4593 /* Main.storyboard */,
				BAEBC52721F307BE003C4593 /* Assets.xcassets */,
				BAEBC52921F307BE003C4593 /* LaunchScreen.storyboard */,
				BAEBC52C21F307BE003C4593 /* Info.plist */,
				BAEBC52421F307BD003C4593 /* ARFlashCards.xcdatamodeld */,
			);
			path = ARFlashCards;
			sourceTree = "<group>";
		};
/* End PBXGroup section */

/* Begin PBXNativeTarget section */
		BAEBC51921F307BD003C4593 /* ARFlashCards */ = {
			isa = PBXNativeTarget;
			buildConfigurationList = BAEBC52F21F307BE003C4593 /* Build configuration list for PBXNativeTarget "ARFlashCards" */;
			buildPhases = (
				BAEBC51621F307BD003C4593 /* Sources */,
				BAEBC51721F307BD003C4593 /* Frameworks */,
				BAEBC51821F307BD003C4593 /* Resources */,
			);
			buildRules = (
			);
			dependencies = (
			);
			name = ARFlashCards;
			productName = ARFlashCards;
			productReference = BAEBC51A21F307BD003C4593 /* ARFlashCards.app */;
			productType = "com.apple.product-type.application";
		};
/* End PBXNativeTarget section */

/* Begin PBXProject section */
		BAEBC51221F307BD003C4593 /* Project object */ = {
			isa = PBXProject;
			attributes = {
				LastSwiftUpdateCheck = 1010;
				LastUpgradeCheck = 1010;
				ORGANIZATIONNAME = "Zack Schreur";
				TargetAttributes = {
					BAEBC51921F307BD003C4593 = {
						CreatedOnToolsVersion = 10.1;
					};
				};
			};
			buildConfigurationList = BAEBC51521F307BD003C4593 /* Build configuration list for PBXProject "ARFlashCards" */;
			compatibilityVersion = "Xcode 9.3";
			developmentRegion = en;
			hasScannedForEncodings = 0;
			knownRegions = (
				en,
				Base,
			);
			mainGroup = BAEBC51121F307BD003C4593;
			productRefGroup = BAEBC51B21F307BD003C4593 /* Products */;
			projectDirPath = "";
			projectRoot = "";
			targets = (
				BAEBC51921F307BD003C4593 /* ARFlashCards */,
			);
		};
/* End PBXProject section */

/* Begin PBXResourcesBuildPhase section */
		BAEBC51821F307BD003C4593 /* Resources */ = {
			isa = PBXResourcesBuildPhase;
			buildActionMask = 2147483647;
			files = (
				BAEBC52B21F307BE003C4593 /* LaunchScreen.storyboard in Resources */,
				BAEBC52821F307BE003C4593 /* Assets.xcassets in Resources */,
				BAEBC52321F307BD003C4593 /* Main.storyboard in Resources */,
			);
			runOnlyForDeploymentPostprocessing = 0;
		};
/* End PBXResourcesBuildPhase section */

/* Begin PBXSourcesBuildPhase section */
		BAEBC51621F307BD003C4593 /* Sources */ = {
			isa = PBXSourcesBuildPhase;
			buildActionMask = 2147483647;
			files = (
				BAEBC52021F307BD003C4593 /* ViewController.swift in Sources */,
				BAEBC51E21F307BD003C4593 /* AppDelegate.swift in Sources */,
				BAEBC52621F307BD003C4593 /* ARFlashCards.xcdatamodeld in Sources */,
			);
			runOnlyForDeploymentPostprocessing = 0;
		};
/* End PBXSourcesBuildPhase section */

/* Begin PBXVariantGroup section */
		BAEBC52121F307BD003C4593 /* Main.storyboard */ = {
			isa = PBXVariantGroup;
			children = (
				BAEBC52221F307BD003C4593 /* Base */,
			);
			name = Main.storyboard;
			sourceTree = "<group>";
		};
		BAEBC52921F307BE003C4593 /* LaunchScreen.storyboard */ = {
			isa = PBXVariantGroup;
			children = (
				BAEBC52A21F307BE003C4593 /* Base */,
			);
			name = LaunchScreen.storyboard;
			sourceTree = "<group>";
		};
/* End PBXVariantGroup section */

/* Begin XCBuildConfiguration section */
		BAEBC52D21F307BE003C4593 /* Debug */ = {
			isa = XCBuildConfiguration;
			buildSettings = {
				ALWAYS_SEARCH_USER_PATHS = NO;
				CLANG_ANALYZER_NONNULL = YES;
				CLANG_ANALYZER_NUMBER_OBJECT_CONVERSION = YES_AGGRESSIVE;
				CLANG_CXX_LANGUAGE_STANDARD = "gnu++14";
				CLANG_CXX_LIBRARY = "libc++";
				CLANG_ENABLE_MODULES = YES;
				CLANG_ENABLE_OBJC_ARC = YES;
				CLANG_ENABLE_OBJC_WEAK = YES;
				CLANG_WARN_BLOCK_CAPTURE_AUTORELEASING = YES;
				CLANG_WARN_BOOL_CONVERSION = YES;
				CLANG_WARN_COMMA = YES;
				CLANG_WARN_CONSTANT_CONVERSION = YES;
				CLANG_WARN_DEPRECATED_OBJC_IMPLEMENTATIONS = YES;
				CLANG_WARN_DIRECT_OBJC_ISA_USAGE = YES_ERROR;
				CLANG_WARN_DOCUMENTATION_COMMENTS = YES;
				CLANG_WARN_EMPTY_BODY = YES;
				CLANG_WARN_ENUM_CONVERSION = YES;
				CLANG_WARN_INFINITE_RECURSION = YES;
				CLANG_WARN_INT_CONVERSION = YES;
				CLANG_WARN_NON_LITERAL_NULL_CONVERSION = YES;
				CLANG_WARN_OBJC_IMPLICIT_RETAIN_SELF = YES;
				CLANG_WARN_OBJC_LITERAL_CONVERSION = YES;
				CLANG_WARN_OBJC_ROOT_CLASS = YES_ERROR;
				CLANG_WARN_RANGE_LOOP_ANALYSIS = YES;
				CLANG_WARN_STRICT_PROTOTYPES = YES;
				CLANG_WARN_SUSPICIOUS_MOVE = YES;
				CLANG_WARN_UNGUARDED_AVAILABILITY = YES_AGGRESSIVE;
				CLANG_WARN_UNREACHABLE_CODE = YES;
				CLANG_WARN__DUPLICATE_METHOD_MATCH = YES;
				CODE_SIGN_IDENTITY = "iPhone Developer";
				COPY_PHASE_STRIP = NO;
				DEBUG_INFORMATION_FORMAT = dwarf;
				ENABLE_STRICT_OBJC_MSGSEND = YES;
				ENABLE_TESTABILITY = YES;
				GCC_C_LANGUAGE_STANDARD = gnu11;
				GCC_DYNAMIC_NO_PIC = NO;
				GCC_NO_COMMON_BLOCKS = YES;
				GCC_OPTIMIZATION_LEVEL = 0;
				GCC_PREPROCESSOR_DEFINITIONS = (
					"DEBUG=1",
					"$(inherited)",
				);
				GCC_WARN_64_TO_32_BIT_CONVERSION = YES;
				GCC_WARN_ABOUT_RETURN_TYPE = YES_ERROR;
				GCC_WARN_UNDECLARED_SELECTOR = YES;
				GCC_WARN_UNINITIALIZED_AUTOS = YES_AGGRESSIVE;
				GCC_WARN_UNUSED_FUNCTION = YES;
				GCC_WARN_UNUSED_VARIABLE = YES;
				IPHONEOS_DEPLOYMENT_TARGET = 12.1;
				MTL_ENABLE_DEBUG_INFO = INCLUDE_SOURCE;
				MTL_FAST_MATH = YES;
				ONLY_ACTIVE_ARCH = YES;
				SDKROOT = iphoneos;
				SWIFT_ACTIVE_COMPILATION_CONDITIONS = DEBUG;
				SWIFT_OPTIMIZATION_LEVEL = "-Onone";
			};
			name = Debug;
		};
		BAEBC52E21F307BE003C4593 /* Release */ = {
			isa = XCBuildConfiguration;
			buildSettings = {
				ALWAYS_SEARCH_USER_PATHS = NO;
				CLANG_ANALYZER_NONNULL = YES;
				CLANG_ANALYZER_NUMBER_OBJECT_CONVERSION = YES_AGGRESSIVE;
				CLANG_CXX_LANGUAGE_STANDARD = "gnu++14";
				CLANG_CXX_LIBRARY = "libc++";
				CLANG_ENABLE_MODULES = YES;
				CLANG_ENABLE_OBJC_ARC = YES;
				CLANG_ENABLE_OBJC_WEAK = YES;
				CLANG_WARN_BLOCK_CAPTURE_AUTORELEASING = YES;
				CLANG_WARN_BOOL_CONVERSION = YES;
				CLANG_WARN_COMMA = YES;
				CLANG_WARN_CONSTANT_CONVERSION = YES;
				CLANG_WARN_DEPRECATED_OBJC_IMPLEMENTATIONS = YES;
				CLANG_WARN_DIRECT_OBJC_ISA_USAGE = YES_ERROR;
				CLANG_WARN_DOCUMENTATION_COMMENTS = YES;
				CLANG_WARN_EMPTY_BODY = YES;
				CLANG_WARN_ENUM_CONVERSION = YES;
				CLANG_WARN_INFINITE_RECURSION = YES;
				CLANG_WARN_INT_CONVERSION = YES;
				CLANG_WARN_NON_LITERAL_NULL_CONVERSION = YES;
				CLANG_WARN_OBJC_IMPLICIT_RETAIN_SELF = YES;
				CLANG_WARN_OBJC_LITERAL_CONVERSION = YES;
				CLANG_WARN_OBJC_ROOT_CLASS = YES_ERROR;
				CLANG_WARN_RANGE_LOOP_ANALYSIS = YES;
				CLANG_WARN_STRICT_PROTOTYPES = YES;
				CLANG_WARN_SUSPICIOUS_MOVE = YES;
				CLANG_WARN_UNGUARDED_AVAILABILITY = YES_AGGRESSIVE;
				CLANG_WARN_UNREACHABLE_CODE = YES;
				CLANG_WARN__DUPLICATE_METHOD_MATCH = YES;
				CODE_SIGN_IDENTITY = "iPhone Developer";
				COPY_PHASE_STRIP = NO;
				DEBUG_INFORMATION_FORMAT = "dwarf-with-dsym";
				ENABLE_NS_ASSERTIONS = NO;
				ENABLE_STRICT_OBJC_MSGSEND = YES;
				GCC_C_LANGUAGE_STANDARD = gnu11;
				GCC_NO_COMMON_BLOCKS = YES;
				GCC_WARN_64_TO_32_BIT_CONVERSION = YES;
				GCC_WARN_ABOUT_RETURN_TYPE = YES_ERROR;
				GCC_WARN_UNDECLARED_SELECTOR = YES;
				GCC_WARN_UNINITIALIZED_AUTOS = YES_AGGRESSIVE;
				GCC_WARN_UNUSED_FUNCTION = YES;
				GCC_WARN_UNUSED_VARIABLE = YES;
				IPHONEOS_DEPLOYMENT_TARGET = 12.1;
				MTL_ENABLE_DEBUG_INFO = NO;
				MTL_FAST_MATH = YES;
				SDKROOT = iphoneos;
				SWIFT_COMPILATION_MODE = wholemodule;
				SWIFT_OPTIMIZATION_LEVEL = "-O";
				VALIDATE_PRODUCT = YES;
			};
			name = Release;
		};
		BAEBC53021F307BE003C4593 /* Debug */ = {
			isa = XCBuildConfiguration;
			buildSettings = {
				ASSETCATALOG_COMPILER_APPICON_NAME = AppIcon;
				CODE_SIGN_STYLE = Automatic;
				INFOPLIST_FILE = ARFlashCards/Info.plist;
				LD_RUNPATH_SEARCH_PATHS = (
					"$(inherited)",
					"@executable_path/Frameworks",
				);
				PRODUCT_BUNDLE_IDENTIFIER = com.zackaryschreur.ARFlashCards;
				PRODUCT_NAME = "$(TARGET_NAME)";
				SWIFT_VERSION = 4.2;
				TARGETED_DEVICE_FAMILY = "1,2";
			};
			name = Debug;
		};
		BAEBC53121F307BE003C4593 /* Release */ = {
			isa = XCBuildConfiguration;
			buildSettings = {
				ASSETCATALOG_COMPILER_APPICON_NAME = AppIcon;
				CODE_SIGN_STYLE = Automatic;
				INFOPLIST_FILE = ARFlashCards/Info.plist;
				LD_RUNPATH_SEARCH_PATHS = (
					"$(inherited)",
					"@executable_path/Frameworks",
				);
				PRODUCT_BUNDLE_IDENTIFIER = com.zackaryschreur.ARFlashCards;
				PRODUCT_NAME = "$(TARGET_NAME)";
				SWIFT_VERSION = 4.2;
				TARGETED_DEVICE_FAMILY = "1,2";
			};
			name = Release;
		};
/* End XCBuildConfiguration section */

/* Begin XCConfigurationList section */
		BAEBC51521F307BD003C4593 /* Build configuration list for PBXProject "ARFlashCards" */ = {
			isa = XCConfigurationList;
			buildConfigurations = (
				BAEBC52D21F307BE003C4593 /* Debug */,
				BAEBC52E21F307BE003C4593 /* Release */,
			);
			defaultConfigurationIsVisible = 0;
			defaultConfigurationName = Release;
		};
		BAEBC52F21F307BE003C4593 /* Build configuration list for PBXNativeTarget "ARFlashCards" */ = {
			isa = XCConfigurationList;
			buildConfigurations = (
				BAEBC53021F307BE003C4593 /* Debug */,
				BAEBC53121F307BE003C4593 /* Release */,
			);
			defaultConfigurationIsVisible = 0;
			defaultConfigurationName = Release;
		};
/* End XCConfigurationList section */

/* Begin XCVersionGroup section */
		BAEBC52421F307BD003C4593 /* ARFlashCards.xcdatamodeld */ = {
			isa = XCVersionGroup;
			children = (
				BAEBC52521F307BD003C4593 /* ARFlashCards.xcdatamodel */,
			);
			currentVersion = BAEBC52521F307BD003C4593 /* ARFlashCards.xcdatamodel */;
			path = ARFlashCards.xcdatamodeld;
			sourceTree = "<group>";
			versionGroupType = wrapper.xcdatamodel;
		};
/* End XCVersionGroup section */
	};
	rootObject = BAEBC51221F307BD003C4593 /* Project object */;
}
